// !$*UTF8*$!
{
	archiveVersion = 1;
	classes = {
	};
	objectVersion = 46;
	objects = {

/* Begin PBXBuildFile section */
		E70CB5961E78BC7F00198C26 /* AppDelegate.swift in Sources */ = {isa = PBXBuildFile; fileRef = E70CB5951E78BC7F00198C26 /* AppDelegate.swift */; };
		E70CB5981E78BC7F00198C26 /* BookDetailViewController.swift in Sources */ = {isa = PBXBuildFile; fileRef = E70CB5971E78BC7F00198C26 /* BookDetailViewController.swift */; };
		E70CB59B1E78BC7F00198C26 /* Main.storyboard in Resources */ = {isa = PBXBuildFile; fileRef = E70CB5991E78BC7F00198C26 /* Main.storyboard */; };
		E70CB59E1E78BC7F00198C26 /* GetTheBooks.xcdatamodeld in Sources */ = {isa = PBXBuildFile; fileRef = E70CB59C1E78BC7F00198C26 /* GetTheBooks.xcdatamodeld */; };
		E70CB5A01E78BC7F00198C26 /* Assets.xcassets in Resources */ = {isa = PBXBuildFile; fileRef = E70CB59F1E78BC7F00198C26 /* Assets.xcassets */; };
		E70CB5A31E78BC7F00198C26 /* LaunchScreen.storyboard in Resources */ = {isa = PBXBuildFile; fileRef = E70CB5A11E78BC7F00198C26 /* LaunchScreen.storyboard */; };
		E70CB5AB1E78BC9E00198C26 /* Alamofire.framework in Frameworks */ = {isa = PBXBuildFile; fileRef = E70CB5AA1E78BC9E00198C26 /* Alamofire.framework */; };
		E70CB5AC1E78BC9E00198C26 /* Alamofire.framework in Embed Frameworks */ = {isa = PBXBuildFile; fileRef = E70CB5AA1E78BC9E00198C26 /* Alamofire.framework */; settings = {ATTRIBUTES = (CodeSignOnCopy, RemoveHeadersOnCopy, ); }; };
		E70CB5AF1E78BE1900198C26 /* BooksTableViewController.swift in Sources */ = {isa = PBXBuildFile; fileRef = E70CB5AE1E78BE1900198C26 /* BooksTableViewController.swift */; };
		E70CB5B11E78BE3100198C26 /* BooksAPIClient.swift in Sources */ = {isa = PBXBuildFile; fileRef = E70CB5B01E78BE3100198C26 /* BooksAPIClient.swift */; };
		E70CB5B31E78BEAD00198C26 /* Book.swift in Sources */ = {isa = PBXBuildFile; fileRef = E70CB5B21E78BEAD00198C26 /* Book.swift */; };
		E70CB5B51E78C33300198C26 /* BookDataStore.swift in Sources */ = {isa = PBXBuildFile; fileRef = E70CB5B41E78C33300198C26 /* BookDataStore.swift */; };
		E70CB5B71E797CD200198C26 /* AddBookViewController.swift in Sources */ = {isa = PBXBuildFile; fileRef = E70CB5B61E797CD200198C26 /* AddBookViewController.swift */; };
		E70CB5B91E7983BD00198C26 /* EditBookViewController.swift in Sources */ = {isa = PBXBuildFile; fileRef = E70CB5B81E7983BD00198C26 /* EditBookViewController.swift */; };
		E70CB5BE1E79909C00198C26 /* BookTableViewCell.swift in Sources */ = {isa = PBXBuildFile; fileRef = E70CB5BD1E79909C00198C26 /* BookTableViewCell.swift */; };
/* End PBXBuildFile section */

/* Begin PBXCopyFilesBuildPhase section */
		E70CB5AD1E78BC9E00198C26 /* Embed Frameworks */ = {
			isa = PBXCopyFilesBuildPhase;
			buildActionMask = 2147483647;
			dstPath = "";
			dstSubfolderSpec = 10;
			files = (
				E70CB5AC1E78BC9E00198C26 /* Alamofire.framework in Embed Frameworks */,
			);
			name = "Embed Frameworks";
			runOnlyForDeploymentPostprocessing = 0;
		};
/* End PBXCopyFilesBuildPhase section */

/* Begin PBXFileReference section */
		E70CB5921E78BC7F00198C26 /* GetTheBooks.app */ = {isa = PBXFileReference; explicitFileType = wrapper.application; includeInIndex = 0; path = GetTheBooks.app; sourceTree = BUILT_PRODUCTS_DIR; };
		E70CB5951E78BC7F00198C26 /* AppDelegate.swift */ = {isa = PBXFileReference; lastKnownFileType = sourcecode.swift; path = AppDelegate.swift; sourceTree = "<group>"; };
		E70CB5971E78BC7F00198C26 /* BookDetailViewController.swift */ = {isa = PBXFileReference; lastKnownFileType = sourcecode.swift; path = BookDetailViewController.swift; sourceTree = "<group>"; };
		E70CB59A1E78BC7F00198C26 /* Base */ = {isa = PBXFileReference; lastKnownFileType = file.storyboard; name = Base; path = Base.lproj/Main.storyboard; sourceTree = "<group>"; };
		E70CB59D1E78BC7F00198C26 /* GetTheBooks.xcdatamodel */ = {isa = PBXFileReference; lastKnownFileType = wrapper.xcdatamodel; path = GetTheBooks.xcdatamodel; sourceTree = "<group>"; };
		E70CB59F1E78BC7F00198C26 /* Assets.xcassets */ = {isa = PBXFileReference; lastKnownFileType = folder.assetcatalog; path = Assets.xcassets; sourceTree = "<group>"; };
		E70CB5A21E78BC7F00198C26 /* Base */ = {isa = PBXFileReference; lastKnownFileType = file.storyboard; name = Base; path = Base.lproj/LaunchScreen.storyboard; sourceTree = "<group>"; };
		E70CB5A41E78BC7F00198C26 /* Info.plist */ = {isa = PBXFileReference; lastKnownFileType = text.plist.xml; path = Info.plist; sourceTree = "<group>"; };
		E70CB5AA1E78BC9E00198C26 /* Alamofire.framework */ = {isa = PBXFileReference; lastKnownFileType = wrapper.framework; path = Alamofire.framework; sourceTree = "<group>"; };
		E70CB5AE1E78BE1900198C26 /* BooksTableViewController.swift */ = {isa = PBXFileReference; fileEncoding = 4; lastKnownFileType = sourcecode.swift; path = BooksTableViewController.swift; sourceTree = "<group>"; };
		E70CB5B01E78BE3100198C26 /* BooksAPIClient.swift */ = {isa = PBXFileReference; fileEncoding = 4; lastKnownFileType = sourcecode.swift; path = BooksAPIClient.swift; sourceTree = "<group>"; };
		E70CB5B21E78BEAD00198C26 /* Book.swift */ = {isa = PBXFileReference; fileEncoding = 4; lastKnownFileType = sourcecode.swift; path = Book.swift; sourceTree = "<group>"; };
		E70CB5B41E78C33300198C26 /* BookDataStore.swift */ = {isa = PBXFileReference; fileEncoding = 4; lastKnownFileType = sourcecode.swift; path = BookDataStore.swift; sourceTree = "<group>"; };
		E70CB5B61E797CD200198C26 /* AddBookViewController.swift */ = {isa = PBXFileReference; fileEncoding = 4; lastKnownFileType = sourcecode.swift; path = AddBookViewController.swift; sourceTree = "<group>"; };
		E70CB5B81E7983BD00198C26 /* EditBookViewController.swift */ = {isa = PBXFileReference; fileEncoding = 4; lastKnownFileType = sourcecode.swift; path = EditBookViewController.swift; sourceTree = "<group>"; };
		E70CB5BD1E79909C00198C26 /* BookTableViewCell.swift */ = {isa = PBXFileReference; fileEncoding = 4; lastKnownFileType = sourcecode.swift; path = BookTableViewCell.swift; sourceTree = "<group>"; };
/* End PBXFileReference section */

/* Begin PBXFrameworksBuildPhase section */
		E70CB58F1E78BC7F00198C26 /* Frameworks */ = {
			isa = PBXFrameworksBuildPhase;
			buildActionMask = 2147483647;
			files = (
				E70CB5AB1E78BC9E00198C26 /* Alamofire.framework in Frameworks */,
			);
			runOnlyForDeploymentPostprocessing = 0;
		};
/* End PBXFrameworksBuildPhase section */

/* Begin PBXGroup section */
		E70CB5891E78BC7F00198C26 = {
			isa = PBXGroup;
			children = (
				E70CB5AA1E78BC9E00198C26 /* Alamofire.framework */,
				E70CB5941E78BC7F00198C26 /* GetTheBooks */,
				E70CB5931E78BC7F00198C26 /* Products */,
			);
			sourceTree = "<group>";
		};
		E70CB5931E78BC7F00198C26 /* Products */ = {
			isa = PBXGroup;
			children = (
				E70CB5921E78BC7F00198C26 /* GetTheBooks.app */,
			);
			name = Products;
			sourceTree = "<group>";
		};
		E70CB5941E78BC7F00198C26 /* GetTheBooks */ = {
			isa = PBXGroup;
			children = (
				E70CB5BB1E798EFC00198C26 /* Model */,
				E70CB5BA1E798EE300198C26 /* Controller */,
				E70CB5BC1E798F0F00198C26 /* View */,
				E70CB59F1E78BC7F00198C26 /* Assets.xcassets */,
				E70CB5A41E78BC7F00198C26 /* Info.plist */,
				E70CB59C1E78BC7F00198C26 /* GetTheBooks.xcdatamodeld */,
			);
			path = GetTheBooks;
			sourceTree = "<group>";
		};
		E70CB5BA1E798EE300198C26 /* Controller */ = {
			isa = PBXGroup;
			children = (
				E70CB5971E78BC7F00198C26 /* BookDetailViewController.swift */,
				E70CB5AE1E78BE1900198C26 /* BooksTableViewController.swift */,
				E70CB5B61E797CD200198C26 /* AddBookViewController.swift */,
				E70CB5B81E7983BD00198C26 /* EditBookViewController.swift */,
				E70CB5BD1E79909C00198C26 /* BookTableViewCell.swift */,
			);
			name = Controller;
			sourceTree = "<group>";
		};
		E70CB5BB1E798EFC00198C26 /* Model */ = {
			isa = PBXGroup;
			children = (
				E70CB5951E78BC7F00198C26 /* AppDelegate.swift */,
				E70CB5B01E78BE3100198C26 /* BooksAPIClient.swift */,
				E70CB5B21E78BEAD00198C26 /* Book.swift */,
				E70CB5B41E78C33300198C26 /* BookDataStore.swift */,
			);
			name = Model;
			sourceTree = "<group>";
		};
		E70CB5BC1E798F0F00198C26 /* View */ = {
			isa = PBXGroup;
			children = (
				E70CB5991E78BC7F00198C26 /* Main.storyboard */,
				E70CB5A11E78BC7F00198C26 /* LaunchScreen.storyboard */,
			);
			name = View;
			sourceTree = "<group>";
		};
/* End PBXGroup section */

/* Begin PBXNativeTarget section */
		E70CB5911E78BC7F00198C26 /* GetTheBooks */ = {
			isa = PBXNativeTarget;
			buildConfigurationList = E70CB5A71E78BC7F00198C26 /* Build configuration list for PBXNativeTarget "GetTheBooks" */;
			buildPhases = (
				E70CB58E1E78BC7F00198C26 /* Sources */,
				E70CB58F1E78BC7F00198C26 /* Frameworks */,
				E70CB5901E78BC7F00198C26 /* Resources */,
				E70CB5AD1E78BC9E00198C26 /* Embed Frameworks */,
			);
			buildRules = (
			);
			dependencies = (
			);
			name = GetTheBooks;
			productName = GetTheBooks;
			productReference = E70CB5921E78BC7F00198C26 /* GetTheBooks.app */;
			productType = "com.apple.product-type.application";
		};
/* End PBXNativeTarget section */

/* Begin PBXProject section */
		E70CB58A1E78BC7F00198C26 /* Project object */ = {
			isa = PBXProject;
			attributes = {
				LastSwiftUpdateCheck = 0820;
				LastUpgradeCheck = 0820;
				ORGANIZATIONNAME = moeCodes;
				TargetAttributes = {
					E70CB5911E78BC7F00198C26 = {
						CreatedOnToolsVersion = 8.2.1;
						ProvisioningStyle = Automatic;
					};
				};
			};
			buildConfigurationList = E70CB58D1E78BC7F00198C26 /* Build configuration list for PBXProject "GetTheBooks" */;
			compatibilityVersion = "Xcode 3.2";
			developmentRegion = English;
			hasScannedForEncodings = 0;
			knownRegions = (
				en,
				Base,
			);
			mainGroup = E70CB5891E78BC7F00198C26;
			productRefGroup = E70CB5931E78BC7F00198C26 /* Products */;
			projectDirPath = "";
			projectRoot = "";
			targets = (
				E70CB5911E78BC7F00198C26 /* GetTheBooks */,
			);
		};
/* End PBXProject section */

/* Begin PBXResourcesBuildPhase section */
		E70CB5901E78BC7F00198C26 /* Resources */ = {
			isa = PBXResourcesBuildPhase;
			buildActionMask = 2147483647;
			files = (
				E70CB5A31E78BC7F00198C26 /* LaunchScreen.storyboard in Resources */,
				E70CB5A01E78BC7F00198C26 /* Assets.xcassets in Resources */,
				E70CB59B1E78BC7F00198C26 /* Main.storyboard in Resources */,
			);
			runOnlyForDeploymentPostprocessing = 0;
		};
/* End PBXResourcesBuildPhase section */

/* Begin PBXSourcesBuildPhase section */
		E70CB58E1E78BC7F00198C26 /* Sources */ = {
			isa = PBXSourcesBuildPhase;
			buildActionMask = 2147483647;
			files = (
				E70CB5B11E78BE3100198C26 /* BooksAPIClient.swift in Sources */,
				E70CB5B71E797CD200198C26 /* AddBookViewController.swift in Sources */,
				E70CB5981E78BC7F00198C26 /* BookDetailViewController.swift in Sources */,
				E70CB5B51E78C33300198C26 /* BookDataStore.swift in Sources */,
				E70CB5B31E78BEAD00198C26 /* Book.swift in Sources */,
				E70CB59E1E78BC7F00198C26 /* GetTheBooks.xcdatamodeld in Sources */,
				E70CB5AF1E78BE1900198C26 /* BooksTableViewController.swift in Sources */,
				E70CB5B91E7983BD00198C26 /* EditBookViewController.swift in Sources */,
				E70CB5BE1E79909C00198C26 /* BookTableViewCell.swift in Sources */,
				E70CB5961E78BC7F00198C26 /* AppDelegate.swift in Sources */,
			);
			runOnlyForDeploymentPostprocessing = 0;
		};
/* End PBXSourcesBuildPhase section */

/* Begin PBXVariantGroup section */
		E70CB5991E78BC7F00198C26 /* Main.storyboard */ = {
			isa = PBXVariantGroup;
			children = (
				E70CB59A1E78BC7F00198C26 /* Base */,
			);
			name = Main.storyboard;
			sourceTree = "<group>";
		};
		E70CB5A11E78BC7F00198C26 /* LaunchScreen.storyboard */ = {
			isa = PBXVariantGroup;
			children = (
				E70CB5A21E78BC7F00198C26 /* Base */,
			);
			name = LaunchScreen.storyboard;
			sourceTree = "<group>";
		};
/* End PBXVariantGroup section */

/* Begin XCBuildConfiguration section */
		E70CB5A51E78BC7F00198C26 /* Debug */ = {
			isa = XCBuildConfiguration;
			buildSettings = {
				ALWAYS_SEARCH_USER_PATHS = NO;
				CLANG_ANALYZER_NONNULL = YES;
				CLANG_CXX_LANGUAGE_STANDARD = "gnu++0x";
				CLANG_CXX_LIBRARY = "libc++";
				CLANG_ENABLE_MODULES = YES;
				CLANG_ENABLE_OBJC_ARC = YES;
				CLANG_WARN_BOOL_CONVERSION = YES;
				CLANG_WARN_CONSTANT_CONVERSION = YES;
				CLANG_WARN_DIRECT_OBJC_ISA_USAGE = YES_ERROR;
				CLANG_WARN_DOCUMENTATION_COMMENTS = YES;
				CLANG_WARN_EMPTY_BODY = YES;
				CLANG_WARN_ENUM_CONVERSION = YES;
				CLANG_WARN_INFINITE_RECURSION = YES;
				CLANG_WARN_INT_CONVERSION = YES;
				CLANG_WARN_OBJC_ROOT_CLASS = YES_ERROR;
				CLANG_WARN_SUSPICIOUS_MOVE = YES;
				CLANG_WARN_UNREACHABLE_CODE = YES;
				CLANG_WARN__DUPLICATE_METHOD_MATCH = YES;
				"CODE_SIGN_IDENTITY[sdk=iphoneos*]" = "iPhone Developer";
				COPY_PHASE_STRIP = NO;
				DEBUG_INFORMATION_FORMAT = dwarf;
				ENABLE_STRICT_OBJC_MSGSEND = YES;
				ENABLE_TESTABILITY = YES;
				GCC_C_LANGUAGE_STANDARD = gnu99;
				GCC_DYNAMIC_NO_PIC = NO;
				GCC_NO_COMMON_BLOCKS = YES;
				GCC_OPTIMIZATION_LEVEL = 0;
				GCC_PREPROCESSOR_DEFINITIONS = (
					"DEBUG=1",
					"$(inherited)",
				);
				GCC_WARN_64_TO_32_BIT_CONVERSION = YES;
				GCC_WARN_ABOUT_RETURN_TYPE = YES_ERROR;
				GCC_WARN_UNDECLARED_SELECTOR = YES;
				GCC_WARN_UNINITIALIZED_AUTOS = YES_AGGRESSIVE;
				GCC_WARN_UNUSED_FUNCTION = YES;
				GCC_WARN_UNUSED_VARIABLE = YES;
				IPHONEOS_DEPLOYMENT_TARGET = 10.2;
				MTL_ENABLE_DEBUG_INFO = YES;
				ONLY_ACTIVE_ARCH = YES;
				SDKROOT = iphoneos;
				SWIFT_ACTIVE_COMPILATION_CONDITIONS = DEBUG;
				SWIFT_OPTIMIZATION_LEVEL = "-Onone";
			};
			name = Debug;
		};
		E70CB5A61E78BC7F00198C26 /* Release */ = {
			isa = XCBuildConfiguration;
			buildSettings = {
				ALWAYS_SEARCH_USER_PATHS = NO;
				CLANG_ANALYZER_NONNULL = YES;
				CLANG_CXX_LANGUAGE_STANDARD = "gnu++0x";
				CLANG_CXX_LIBRARY = "libc++";
				CLANG_ENABLE_MODULES = YES;
				CLANG_ENABLE_OBJC_ARC = YES;
				CLANG_WARN_BOOL_CONVERSION = YES;
				CLANG_WARN_CONSTANT_CONVERSION = YES;
				CLANG_WARN_DIRECT_OBJC_ISA_USAGE = YES_ERROR;
				CLANG_WARN_DOCUMENTATION_COMMENTS = YES;
				CLANG_WARN_EMPTY_BODY = YES;
				CLANG_WARN_ENUM_CONVERSION = YES;
				CLANG_WARN_INFINITE_RECURSION = YES;
				CLANG_WARN_INT_CONVERSION = YES;
				CLANG_WARN_OBJC_ROOT_CLASS = YES_ERROR;
				CLANG_WARN_SUSPICIOUS_MOVE = YES;
				CLANG_WARN_UNREACHABLE_CODE = YES;
				CLANG_WARN__DUPLICATE_METHOD_MATCH = YES;
				"CODE_SIGN_IDENTITY[sdk=iphoneos*]" = "iPhone Developer";
				COPY_PHASE_STRIP = NO;
				DEBUG_INFORMATION_FORMAT = "dwarf-with-dsym";
				ENABLE_NS_ASSERTIONS = NO;
				ENABLE_STRICT_OBJC_MSGSEND = YES;
				GCC_C_LANGUAGE_STANDARD = gnu99;
				GCC_NO_COMMON_BLOCKS = YES;
				GCC_WARN_64_TO_32_BIT_CONVERSION = YES;
				GCC_WARN_ABOUT_RETURN_TYPE = YES_ERROR;
				GCC_WARN_UNDECLARED_SELECTOR = YES;
				GCC_WARN_UNINITIALIZED_AUTOS = YES_AGGRESSIVE;
				GCC_WARN_UNUSED_FUNCTION = YES;
				GCC_WARN_UNUSED_VARIABLE = YES;
				IPHONEOS_DEPLOYMENT_TARGET = 10.2;
				MTL_ENABLE_DEBUG_INFO = NO;
				SDKROOT = iphoneos;
				SWIFT_OPTIMIZATION_LEVEL = "-Owholemodule";
				VALIDATE_PRODUCT = YES;
			};
			name = Release;
		};
		E70CB5A81E78BC7F00198C26 /* Debug */ = {
			isa = XCBuildConfiguration;
			buildSettings = {
				ASSETCATALOG_COMPILER_APPICON_NAME = AppIcon;
				FRAMEWORK_SEARCH_PATHS = (
					"$(inherited)",
					"$(PROJECT_DIR)",
				);
				INFOPLIST_FILE = GetTheBooks/Info.plist;
				LD_RUNPATH_SEARCH_PATHS = "$(inherited) @executable_path/Frameworks";
				PRODUCT_BUNDLE_IDENTIFIER = com.moeCodes.GetTheBooks;
				PRODUCT_NAME = "$(TARGET_NAME)";
				SWIFT_VERSION = 3.0;
			};
			name = Debug;
		};
		E70CB5A91E78BC7F00198C26 /* Release */ = {
			isa = XCBuildConfiguration;
			buildSettings = {
				ASSETCATALOG_COMPILER_APPICON_NAME = AppIcon;
				FRAMEWORK_SEARCH_PATHS = (
					"$(inherited)",
					"$(PROJECT_DIR)",
				);
				INFOPLIST_FILE = GetTheBooks/Info.plist;
				LD_RUNPATH_SEARCH_PATHS = "$(inherited) @executable_path/Frameworks";
				PRODUCT_BUNDLE_IDENTIFIER = com.moeCodes.GetTheBooks;
				PRODUCT_NAME = "$(TARGET_NAME)";
				SWIFT_VERSION = 3.0;
			};
			name = Release;
		};
/* End XCBuildConfiguration section */

/* Begin XCConfigurationList section */
		E70CB58D1E78BC7F00198C26 /* Build configuration list for PBXProject "GetTheBooks" */ = {
			isa = XCConfigurationList;
			buildConfigurations = (
				E70CB5A51E78BC7F00198C26 /* Debug */,
				E70CB5A61E78BC7F00198C26 /* Release */,
			);
			defaultConfigurationIsVisible = 0;
			defaultConfigurationName = Release;
		};
		E70CB5A71E78BC7F00198C26 /* Build configuration list for PBXNativeTarget "GetTheBooks" */ = {
			isa = XCConfigurationList;
			buildConfigurations = (
				E70CB5A81E78BC7F00198C26 /* Debug */,
				E70CB5A91E78BC7F00198C26 /* Release */,
			);
			defaultConfigurationIsVisible = 0;
			defaultConfigurationName = Release;
		};
/* End XCConfigurationList section */

/* Begin XCVersionGroup section */
		E70CB59C1E78BC7F00198C26 /* GetTheBooks.xcdatamodeld */ = {
			isa = XCVersionGroup;
			children = (
				E70CB59D1E78BC7F00198C26 /* GetTheBooks.xcdatamodel */,
			);
			currentVersion = E70CB59D1E78BC7F00198C26 /* GetTheBooks.xcdatamodel */;
			path = GetTheBooks.xcdatamodeld;
			sourceTree = "<group>";
			versionGroupType = wrapper.xcdatamodel;
		};
/* End XCVersionGroup section */
	};
	rootObject = E70CB58A1E78BC7F00198C26 /* Project object */;
}
